
Microsoft Visual Studio Solution File, Format Version 12.00
# Visual Studio 15
VisualStudioVersion = 15.0.27110.0
MinimumVisualStudioVersion = 10.0.40219.1
Project("{FAE04EC0-301F-11D3-BF4B-00C04F79EFBC}") = "ScaleTest", "ScaleTest\ScaleTest.csproj", "{CF5AA6E8-321F-4744-BC18-3837A021DFDA}"
EndProject
Global
	GlobalSection(SolutionConfigurationPlatforms) = preSolution
		Debug|Any CPU = Debug|Any CPU
		Release|Any CPU = Release|Any CPU
	EndGlobalSection
	GlobalSection(ProjectConfigurationPlatforms) = postSolution
		{CF5AA6E8-321F-4744-BC18-3837A021DFDA}.Debug|Any CPU.ActiveCfg = Debug|Any CPU
		{CF5AA6E8-321F-4744-BC18-3837A021DFDA}.Debug|Any CPU.Build.0 = Debug|Any CPU
		{CF5AA6E8-321F-4744-BC18-3837A021DFDA}.Release|Any CPU.ActiveCfg = Release|Any CPU
		{CF5AA6E8-321F-4744-BC18-3837A021DFDA}.Release|Any CPU.Build.0 = Release|Any CPU
	EndGlobalSection
	GlobalSection(SolutionProperties) = preSolution
		HideSolutionNode = FALSE
	EndGlobalSection
	GlobalSection(ExtensibilityGlobals) = postSolution
		SolutionGuid = {680F78B8-721F-49F4-BAD8-B498C7655998}
	EndGlobalSection
EndGlobal
